
Microsoft Visual Studio Solution File, Format Version 12.00
# Visual Studio 15
Project("{FAE04EC0-301F-11D3-BF4B-00C04F79EFBC}") = "Assembly-CSharp", "Assembly-CSharp.csproj", "{5AA4D29D-368C-88CC-D448-1050BDDCF9B0}"
EndProject
Project("{FAE04EC0-301F-11D3-BF4B-00C04F79EFBC}") = "Assembly-CSharp-firstpass", "Assembly-CSharp-firstpass.csproj", "{1803DAE8-AF66-A861-99A4-B5CE1B4FD78E}"
EndProject
Project("{FAE04EC0-301F-11D3-BF4B-00C04F79EFBC}") = "Assembly-CSharp-Editor", "Assembly-CSharp-Editor.csproj", "{A0901DA0-6C38-122A-5050-AD9D089E0A70}"
EndProject
Global
	GlobalSection(SolutionConfigurationPlatforms) = preSolution
		Debug|Any CPU = Debug|Any CPU
		Release|Any CPU = Release|Any CPU
	EndGlobalSection
	GlobalSection(ProjectConfigurationPlatforms) = postSolution
		{5AA4D29D-368C-88CC-D448-1050BDDCF9B0}.Debug|Any CPU.ActiveCfg = Debug|Any CPU
		{5AA4D29D-368C-88CC-D448-1050BDDCF9B0}.Debug|Any CPU.Build.0 = Debug|Any CPU
		{5AA4D29D-368C-88CC-D448-1050BDDCF9B0}.Release|Any CPU.ActiveCfg = Release|Any CPU
		{5AA4D29D-368C-88CC-D448-1050BDDCF9B0}.Release|Any CPU.Build.0 = Release|Any CPU
		{1803DAE8-AF66-A861-99A4-B5CE1B4FD78E}.Debug|Any CPU.ActiveCfg = Debug|Any CPU
		{1803DAE8-AF66-A861-99A4-B5CE1B4FD78E}.Debug|Any CPU.Build.0 = Debug|Any CPU
		{1803DAE8-AF66-A861-99A4-B5CE1B4FD78E}.Release|Any CPU.ActiveCfg = Release|Any CPU
		{1803DAE8-AF66-A861-99A4-B5CE1B4FD78E}.Release|Any CPU.Build.0 = Release|Any CPU
		{A0901DA0-6C38-122A-5050-AD9D089E0A70}.Debug|Any CPU.ActiveCfg = Debug|Any CPU
		{A0901DA0-6C38-122A-5050-AD9D089E0A70}.Debug|Any CPU.Build.0 = Debug|Any CPU
		{A0901DA0-6C38-122A-5050-AD9D089E0A70}.Release|Any CPU.ActiveCfg = Release|Any CPU
		{A0901DA0-6C38-122A-5050-AD9D089E0A70}.Release|Any CPU.Build.0 = Release|Any CPU
	EndGlobalSection
	GlobalSection(SolutionProperties) = preSolution
		HideSolutionNode = FALSE
	EndGlobalSection
EndGlobal
